
Microsoft Visual Studio Solution File, Format Version 12.00
# Visual Studio Version 17
VisualStudioVersion = 17.8.34525.116
MinimumVisualStudioVersion = 10.0.40219.1
Project("{FAE04EC0-301F-11D3-BF4B-00C04F79EFBC}") = "MVC-CRUD", "MVC-CRUD\MVC-CRUD.csproj", "{450C70F3-549E-4F6A-9916-4959FCFBCDCE}"
EndProject
Global
	GlobalSection(SolutionConfigurationPlatforms) = preSolution
		Debug|Any CPU = Debug|Any CPU
		Release|Any CPU = Release|Any CPU
	EndGlobalSection
	GlobalSection(ProjectConfigurationPlatforms) = postSolution
		{450C70F3-549E-4F6A-9916-4959FCFBCDCE}.Debug|Any CPU.ActiveCfg = Debug|Any CPU
		{450C70F3-549E-4F6A-9916-4959FCFBCDCE}.Debug|Any CPU.Build.0 = Debug|Any CPU
		{450C70F3-549E-4F6A-9916-4959FCFBCDCE}.Release|Any CPU.ActiveCfg = Release|Any CPU
		{450C70F3-549E-4F6A-9916-4959FCFBCDCE}.Release|Any CPU.Build.0 = Release|Any CPU
	EndGlobalSection
	GlobalSection(SolutionProperties) = preSolution
		HideSolutionNode = FALSE
	EndGlobalSection
	GlobalSection(ExtensibilityGlobals) = postSolution
		SolutionGuid = {0123682A-0931-40E5-AA8B-080AA92830D6}
	EndGlobalSection
EndGlobal
